
Microsoft Visual Studio Solution File, Format Version 11.00
# Visual Studio 2010
Project("{FAE04EC0-301F-11D3-BF4B-00C04F79EFBC}") = "MVCRequireJs", "MVCRequireJs\MVCRequireJs.csproj", "{6A4D4FC8-84EE-4753-B7C5-C1ED897CE35C}"
EndProject
Project("{2150E333-8FDC-42A3-9474-1A3956D46DE8}") = ".nuget", ".nuget", "{C9413A92-28F6-477B-BDBD-1594B1D73903}"
	ProjectSection(SolutionItems) = preProject
		.nuget\packages.config = .nuget\packages.config
	EndProjectSection
EndProject
Global
	GlobalSection(SolutionConfigurationPlatforms) = preSolution
		Debug|Any CPU = Debug|Any CPU
		Release|Any CPU = Release|Any CPU
	EndGlobalSection
	GlobalSection(ProjectConfigurationPlatforms) = postSolution
		{6A4D4FC8-84EE-4753-B7C5-C1ED897CE35C}.Debug|Any CPU.ActiveCfg = Debug|Any CPU
		{6A4D4FC8-84EE-4753-B7C5-C1ED897CE35C}.Debug|Any CPU.Build.0 = Debug|Any CPU
		{6A4D4FC8-84EE-4753-B7C5-C1ED897CE35C}.Release|Any CPU.ActiveCfg = Release|Any CPU
		{6A4D4FC8-84EE-4753-B7C5-C1ED897CE35C}.Release|Any CPU.Build.0 = Release|Any CPU
	EndGlobalSection
	GlobalSection(SolutionProperties) = preSolution
		HideSolutionNode = FALSE
	EndGlobalSection
EndGlobal
